
Microsoft Visual Studio Solution File, Format Version 12.00
# Visual Studio Version 16
VisualStudioVersion = 16.0.30804.86
MinimumVisualStudioVersion = 10.0.40219.1
Project("{9A19103F-16F7-4668-BE54-9A1E7A4F7556}") = "WpfPageTransitionDemo", "WpfPageTransitionDemo\WpfPageTransitionDemo.csproj", "{56E815F3-8C4D-4BDA-9966-E712F408C24F}"
EndProject
Project("{9A19103F-16F7-4668-BE54-9A1E7A4F7556}") = "WpfPageTransitions", "WpfPageTransitions\WpfPageTransitions.csproj", "{22A46D61-1D40-43A9-802C-B9D43DADD9EC}"
EndProject
Global
	GlobalSection(SolutionConfigurationPlatforms) = preSolution
		Debug|Any CPU = Debug|Any CPU
		Release|Any CPU = Release|Any CPU
	EndGlobalSection
	GlobalSection(ProjectConfigurationPlatforms) = postSolution
		{56E815F3-8C4D-4BDA-9966-E712F408C24F}.Debug|Any CPU.ActiveCfg = Debug|Any CPU
		{56E815F3-8C4D-4BDA-9966-E712F408C24F}.Debug|Any CPU.Build.0 = Debug|Any CPU
		{56E815F3-8C4D-4BDA-9966-E712F408C24F}.Release|Any CPU.ActiveCfg = Release|Any CPU
		{56E815F3-8C4D-4BDA-9966-E712F408C24F}.Release|Any CPU.Build.0 = Release|Any CPU
		{22A46D61-1D40-43A9-802C-B9D43DADD9EC}.Debug|Any CPU.ActiveCfg = Debug|Any CPU
		{22A46D61-1D40-43A9-802C-B9D43DADD9EC}.Debug|Any CPU.Build.0 = Debug|Any CPU
		{22A46D61-1D40-43A9-802C-B9D43DADD9EC}.Release|Any CPU.ActiveCfg = Release|Any CPU
		{22A46D61-1D40-43A9-802C-B9D43DADD9EC}.Release|Any CPU.Build.0 = Release|Any CPU
	EndGlobalSection
	GlobalSection(SolutionProperties) = preSolution
		HideSolutionNode = FALSE
	EndGlobalSection
	GlobalSection(ExtensibilityGlobals) = postSolution
		SolutionGuid = {85AA83C8-0D47-42E4-82FB-5DFD16450726}
	EndGlobalSection
EndGlobal
